
Microsoft Visual Studio Solution File, Format Version 12.00
# Visual Studio Version 17
VisualStudioVersion = 17.3.32922.545
MinimumVisualStudioVersion = 10.0.40219.1
Project("{FAE04EC0-301F-11D3-BF4B-00C04F79EFBC}") = "YuksekAtesBlog.Data", "YuksekAtesBlog.Data\YuksekAtesBlog.Data.csproj", "{DC8D2F61-51C4-46BB-A210-08A7335368C3}"
EndProject
Project("{FAE04EC0-301F-11D3-BF4B-00C04F79EFBC}") = "YuksekAtesBlog.Business", "YuksekAtesBlog.Business\YuksekAtesBlog.Business.csproj", "{4A3B6CC5-2BCB-4B5A-983C-014369DBCD52}"
EndProject
Project("{FAE04EC0-301F-11D3-BF4B-00C04F79EFBC}") = "YuksekAtesBlog.WebUI", "YuksekAtesBlog.WebUI\YuksekAtesBlog.WebUI.csproj", "{82D2D197-78C4-4508-8C2F-38C74B251362}"
EndProject
Global
	GlobalSection(SolutionConfigurationPlatforms) = preSolution
		Debug|Any CPU = Debug|Any CPU
		Release|Any CPU = Release|Any CPU
	EndGlobalSection
	GlobalSection(ProjectConfigurationPlatforms) = postSolution
		{DC8D2F61-51C4-46BB-A210-08A7335368C3}.Debug|Any CPU.ActiveCfg = Debug|Any CPU
		{DC8D2F61-51C4-46BB-A210-08A7335368C3}.Debug|Any CPU.Build.0 = Debug|Any CPU
		{DC8D2F61-51C4-46BB-A210-08A7335368C3}.Release|Any CPU.ActiveCfg = Release|Any CPU
		{DC8D2F61-51C4-46BB-A210-08A7335368C3}.Release|Any CPU.Build.0 = Release|Any CPU
		{4A3B6CC5-2BCB-4B5A-983C-014369DBCD52}.Debug|Any CPU.ActiveCfg = Debug|Any CPU
		{4A3B6CC5-2BCB-4B5A-983C-014369DBCD52}.Debug|Any CPU.Build.0 = Debug|Any CPU
		{4A3B6CC5-2BCB-4B5A-983C-014369DBCD52}.Release|Any CPU.ActiveCfg = Release|Any CPU
		{4A3B6CC5-2BCB-4B5A-983C-014369DBCD52}.Release|Any CPU.Build.0 = Release|Any CPU
		{82D2D197-78C4-4508-8C2F-38C74B251362}.Debug|Any CPU.ActiveCfg = Debug|Any CPU
		{82D2D197-78C4-4508-8C2F-38C74B251362}.Debug|Any CPU.Build.0 = Debug|Any CPU
		{82D2D197-78C4-4508-8C2F-38C74B251362}.Release|Any CPU.ActiveCfg = Release|Any CPU
		{82D2D197-78C4-4508-8C2F-38C74B251362}.Release|Any CPU.Build.0 = Release|Any CPU
	EndGlobalSection
	GlobalSection(SolutionProperties) = preSolution
		HideSolutionNode = FALSE
	EndGlobalSection
	GlobalSection(ExtensibilityGlobals) = postSolution
		SolutionGuid = {A7F1F121-601D-4FB0-A6EA-4DDE2AD8C2D3}
	EndGlobalSection
EndGlobal
